
Microsoft Visual Studio Solution File, Format Version 12.00
# Visual Studio 15
VisualStudioVersion = 15.0.28010.2003
MinimumVisualStudioVersion = 10.0.40219.1
Project("{FAE04EC0-301F-11D3-BF4B-00C04F79EFBC}") = "Osoba.Android", "Osoba\Osoba.Android\Osoba.Android.csproj", "{B4EC04F1-B101-4030-A435-00DE87E87A67}"
EndProject
Project("{FAE04EC0-301F-11D3-BF4B-00C04F79EFBC}") = "Osoba.iOS", "Osoba\Osoba.iOS\Osoba.iOS.csproj", "{61ACD363-31B6-4592-BB7E-E55AA0D464B8}"
EndProject
Project("{FAE04EC0-301F-11D3-BF4B-00C04F79EFBC}") = "Osoba", "Osoba\Osoba\Osoba.csproj", "{81427039-68A9-48F6-B42E-7F42E38C6E4F}"
EndProject
Global
	GlobalSection(SolutionConfigurationPlatforms) = preSolution
		Ad-Hoc|Any CPU = Ad-Hoc|Any CPU
		Ad-Hoc|iPhone = Ad-Hoc|iPhone
		Ad-Hoc|iPhoneSimulator = Ad-Hoc|iPhoneSimulator
		AppStore|Any CPU = AppStore|Any CPU
		AppStore|iPhone = AppStore|iPhone
		AppStore|iPhoneSimulator = AppStore|iPhoneSimulator
		Debug|Any CPU = Debug|Any CPU
		Debug|iPhone = Debug|iPhone
		Debug|iPhoneSimulator = Debug|iPhoneSimulator
		Release|Any CPU = Release|Any CPU
		Release|iPhone = Release|iPhone
		Release|iPhoneSimulator = Release|iPhoneSimulator
	EndGlobalSection
	GlobalSection(ProjectConfigurationPlatforms) = postSolution
		{B4EC04F1-B101-4030-A435-00DE87E87A67}.Ad-Hoc|Any CPU.ActiveCfg = Release|Any CPU
		{B4EC04F1-B101-4030-A435-00DE87E87A67}.Ad-Hoc|Any CPU.Build.0 = Release|Any CPU
		{B4EC04F1-B101-4030-A435-00DE87E87A67}.Ad-Hoc|Any CPU.Deploy.0 = Release|Any CPU
		{B4EC04F1-B101-4030-A435-00DE87E87A67}.Ad-Hoc|iPhone.ActiveCfg = Release|Any CPU
		{B4EC04F1-B101-4030-A435-00DE87E87A67}.Ad-Hoc|iPhone.Build.0 = Release|Any CPU
		{B4EC04F1-B101-4030-A435-00DE87E87A67}.Ad-Hoc|iPhone.Deploy.0 = Release|Any CPU
		{B4EC04F1-B101-4030-A435-00DE87E87A67}.Ad-Hoc|iPhoneSimulator.ActiveCfg = Release|Any CPU
		{B4EC04F1-B101-4030-A435-00DE87E87A67}.Ad-Hoc|iPhoneSimulator.Build.0 = Release|Any CPU
		{B4EC04F1-B101-4030-A435-00DE87E87A67}.Ad-Hoc|iPhoneSimulator.Deploy.0 = Release|Any CPU
		{B4EC04F1-B101-4030-A435-00DE87E87A67}.AppStore|Any CPU.ActiveCfg = Release|Any CPU
		{B4EC04F1-B101-4030-A435-00DE87E87A67}.AppStore|Any CPU.Build.0 = Release|Any CPU
		{B4EC04F1-B101-4030-A435-00DE87E87A67}.AppStore|Any CPU.Deploy.0 = Release|Any CPU
		{B4EC04F1-B101-4030-A435-00DE87E87A67}.AppStore|iPhone.ActiveCfg = Release|Any CPU
		{B4EC04F1-B101-4030-A435-00DE87E87A67}.AppStore|iPhone.Build.0 = Release|Any CPU
		{B4EC04F1-B101-4030-A435-00DE87E87A67}.AppStore|iPhone.Deploy.0 = Release|Any CPU
		{B4EC04F1-B101-4030-A435-00DE87E87A67}.AppStore|iPhoneSimulator.ActiveCfg = Release|Any CPU
		{B4EC04F1-B101-4030-A435-00DE87E87A67}.AppStore|iPhoneSimulator.Build.0 = Release|Any CPU
		{B4EC04F1-B101-4030-A435-00DE87E87A67}.AppStore|iPhoneSimulator.Deploy.0 = Release|Any CPU
		{B4EC04F1-B101-4030-A435-00DE87E87A67}.Debug|Any CPU.ActiveCfg = Debug|Any CPU
		{B4EC04F1-B101-4030-A435-00DE87E87A67}.Debug|Any CPU.Build.0 = Debug|Any CPU
		{B4EC04F1-B101-4030-A435-00DE87E87A67}.Debug|Any CPU.Deploy.0 = Debug|Any CPU
		{B4EC04F1-B101-4030-A435-00DE87E87A67}.Debug|iPhone.ActiveCfg = Debug|Any CPU
		{B4EC04F1-B101-4030-A435-00DE87E87A67}.Debug|iPhone.Build.0 = Debug|Any CPU
		{B4EC04F1-B101-4030-A435-00DE87E87A67}.Debug|iPhone.Deploy.0 = Debug|Any CPU
		{B4EC04F1-B101-4030-A435-00DE87E87A67}.Debug|iPhoneSimulator.ActiveCfg = Debug|Any CPU
		{B4EC04F1-B101-4030-A435-00DE87E87A67}.Debug|iPhoneSimulator.Build.0 = Debug|Any CPU
		{B4EC04F1-B101-4030-A435-00DE87E87A67}.Debug|iPhoneSimulator.Deploy.0 = Debug|Any CPU
		{B4EC04F1-B101-4030-A435-00DE87E87A67}.Release|Any CPU.ActiveCfg = Release|Any CPU
		{B4EC04F1-B101-4030-A435-00DE87E87A67}.Release|Any CPU.Build.0 = Release|Any CPU
		{B4EC04F1-B101-4030-A435-00DE87E87A67}.Release|Any CPU.Deploy.0 = Release|Any CPU
		{B4EC04F1-B101-4030-A435-00DE87E87A67}.Release|iPhone.ActiveCfg = Release|Any CPU
		{B4EC04F1-B101-4030-A435-00DE87E87A67}.Release|iPhone.Build.0 = Release|Any CPU
		{B4EC04F1-B101-4030-A435-00DE87E87A67}.Release|iPhone.Deploy.0 = Release|Any CPU
		{B4EC04F1-B101-4030-A435-00DE87E87A67}.Release|iPhoneSimulator.ActiveCfg = Release|Any CPU
		{B4EC04F1-B101-4030-A435-00DE87E87A67}.Release|iPhoneSimulator.Build.0 = Release|Any CPU
		{B4EC04F1-B101-4030-A435-00DE87E87A67}.Release|iPhoneSimulator.Deploy.0 = Release|Any CPU
		{61ACD363-31B6-4592-BB7E-E55AA0D464B8}.Ad-Hoc|Any CPU.ActiveCfg = Ad-Hoc|iPhone
		{61ACD363-31B6-4592-BB7E-E55AA0D464B8}.Ad-Hoc|Any CPU.Build.0 = Ad-Hoc|iPhone
		{61ACD363-31B6-4592-BB7E-E55AA0D464B8}.Ad-Hoc|Any CPU.Deploy.0 = Ad-Hoc|iPhone
		{61ACD363-31B6-4592-BB7E-E55AA0D464B8}.Ad-Hoc|iPhone.ActiveCfg = Ad-Hoc|iPhone
		{61ACD363-31B6-4592-BB7E-E55AA0D464B8}.Ad-Hoc|iPhone.Build.0 = Ad-Hoc|iPhone
		{61ACD363-31B6-4592-BB7E-E55AA0D464B8}.Ad-Hoc|iPhone.Deploy.0 = Ad-Hoc|iPhone
		{61ACD363-31B6-4592-BB7E-E55AA0D464B8}.Ad-Hoc|iPhoneSimulator.ActiveCfg = Ad-Hoc|iPhoneSimulator
		{61ACD363-31B6-4592-BB7E-E55AA0D464B8}.Ad-Hoc|iPhoneSimulator.Build.0 = Ad-Hoc|iPhoneSimulator
		{61ACD363-31B6-4592-BB7E-E55AA0D464B8}.Ad-Hoc|iPhoneSimulator.Deploy.0 = Ad-Hoc|iPhoneSimulator
		{61ACD363-31B6-4592-BB7E-E55AA0D464B8}.AppStore|Any CPU.ActiveCfg = AppStore|iPhone
		{61ACD363-31B6-4592-BB7E-E55AA0D464B8}.AppStore|Any CPU.Build.0 = AppStore|iPhone
		{61ACD363-31B6-4592-BB7E-E55AA0D464B8}.AppStore|Any CPU.Deploy.0 = AppStore|iPhone
		{61ACD363-31B6-4592-BB7E-E55AA0D464B8}.AppStore|iPhone.ActiveCfg = AppStore|iPhone
		{61ACD363-31B6-4592-BB7E-E55AA0D464B8}.AppStore|iPhone.Build.0 = AppStore|iPhone
		{61ACD363-31B6-4592-BB7E-E55AA0D464B8}.AppStore|iPhone.Deploy.0 = AppStore|iPhone
		{61ACD363-31B6-4592-BB7E-E55AA0D464B8}.AppStore|iPhoneSimulator.ActiveCfg = AppStore|iPhoneSimulator
		{61ACD363-31B6-4592-BB7E-E55AA0D464B8}.AppStore|iPhoneSimulator.Build.0 = AppStore|iPhoneSimulator
		{61ACD363-31B6-4592-BB7E-E55AA0D464B8}.AppStore|iPhoneSimulator.Deploy.0 = AppStore|iPhoneSimulator
		{61ACD363-31B6-4592-BB7E-E55AA0D464B8}.Debug|Any CPU.ActiveCfg = Debug|iPhoneSimulator
		{61ACD363-31B6-4592-BB7E-E55AA0D464B8}.Debug|Any CPU.Build.0 = Debug|iPhoneSimulator
		{61ACD363-31B6-4592-BB7E-E55AA0D464B8}.Debug|Any CPU.Deploy.0 = Debug|iPhoneSimulator
		{61ACD363-31B6-4592-BB7E-E55AA0D464B8}.Debug|iPhone.ActiveCfg = Debug|iPhone
		{61ACD363-31B6-4592-BB7E-E55AA0D464B8}.Debug|iPhone.Build.0 = Debug|iPhone
		{61ACD363-31B6-4592-BB7E-E55AA0D464B8}.Debug|iPhone.Deploy.0 = Debug|iPhone
		{61ACD363-31B6-4592-BB7E-E55AA0D464B8}.Debug|iPhoneSimulator.ActiveCfg = Debug|iPhoneSimulator
		{61ACD363-31B6-4592-BB7E-E55AA0D464B8}.Debug|iPhoneSimulator.Build.0 = Debug|iPhoneSimulator
		{61ACD363-31B6-4592-BB7E-E55AA0D464B8}.Debug|iPhoneSimulator.Deploy.0 = Debug|iPhoneSimulator
		{61ACD363-31B6-4592-BB7E-E55AA0D464B8}.Release|Any CPU.ActiveCfg = Release|iPhone
		{61ACD363-31B6-4592-BB7E-E55AA0D464B8}.Release|Any CPU.Build.0 = Release|iPhone
		{61ACD363-31B6-4592-BB7E-E55AA0D464B8}.Release|Any CPU.Deploy.0 = Release|iPhone
		{61ACD363-31B6-4592-BB7E-E55AA0D464B8}.Release|iPhone.ActiveCfg = Release|iPhone
		{61ACD363-31B6-4592-BB7E-E55AA0D464B8}.Release|iPhone.Build.0 = Release|iPhone
		{61ACD363-31B6-4592-BB7E-E55AA0D464B8}.Release|iPhone.Deploy.0 = Release|iPhone
		{61ACD363-31B6-4592-BB7E-E55AA0D464B8}.Release|iPhoneSimulator.ActiveCfg = Release|iPhoneSimulator
		{61ACD363-31B6-4592-BB7E-E55AA0D464B8}.Release|iPhoneSimulator.Build.0 = Release|iPhoneSimulator
		{61ACD363-31B6-4592-BB7E-E55AA0D464B8}.Release|iPhoneSimulator.Deploy.0 = Release|iPhoneSimulator
		{81427039-68A9-48F6-B42E-7F42E38C6E4F}.Ad-Hoc|Any CPU.ActiveCfg = Debug|Any CPU
		{81427039-68A9-48F6-B42E-7F42E38C6E4F}.Ad-Hoc|Any CPU.Build.0 = Debug|Any CPU
		{81427039-68A9-48F6-B42E-7F42E38C6E4F}.Ad-Hoc|Any CPU.Deploy.0 = Debug|Any CPU
		{81427039-68A9-48F6-B42E-7F42E38C6E4F}.Ad-Hoc|iPhone.ActiveCfg = Debug|Any CPU
		{81427039-68A9-48F6-B42E-7F42E38C6E4F}.Ad-Hoc|iPhone.Build.0 = Debug|Any CPU
		{81427039-68A9-48F6-B42E-7F42E38C6E4F}.Ad-Hoc|iPhone.Deploy.0 = Debug|Any CPU
		{81427039-68A9-48F6-B42E-7F42E38C6E4F}.Ad-Hoc|iPhoneSimulator.ActiveCfg = Debug|Any CPU
		{81427039-68A9-48F6-B42E-7F42E38C6E4F}.Ad-Hoc|iPhoneSimulator.Build.0 = Debug|Any CPU
		{81427039-68A9-48F6-B42E-7F42E38C6E4F}.Ad-Hoc|iPhoneSimulator.Deploy.0 = Debug|Any CPU
		{81427039-68A9-48F6-B42E-7F42E38C6E4F}.AppStore|Any CPU.ActiveCfg = Debug|Any CPU
		{81427039-68A9-48F6-B42E-7F42E38C6E4F}.AppStore|Any CPU.Build.0 = Debug|Any CPU
		{81427039-68A9-48F6-B42E-7F42E38C6E4F}.AppStore|Any CPU.Deploy.0 = Debug|Any CPU
		{81427039-68A9-48F6-B42E-7F42E38C6E4F}.AppStore|iPhone.ActiveCfg = Debug|Any CPU
		{81427039-68A9-48F6-B42E-7F42E38C6E4F}.AppStore|iPhone.Build.0 = Debug|Any CPU
		{81427039-68A9-48F6-B42E-7F42E38C6E4F}.AppStore|iPhone.Deploy.0 = Debug|Any CPU
		{81427039-68A9-48F6-B42E-7F42E38C6E4F}.AppStore|iPhoneSimulator.ActiveCfg = Debug|Any CPU
		{81427039-68A9-48F6-B42E-7F42E38C6E4F}.AppStore|iPhoneSimulator.Build.0 = Debug|Any CPU
		{81427039-68A9-48F6-B42E-7F42E38C6E4F}.AppStore|iPhoneSimulator.Deploy.0 = Debug|Any CPU
		{81427039-68A9-48F6-B42E-7F42E38C6E4F}.Debug|Any CPU.ActiveCfg = Debug|Any CPU
		{81427039-68A9-48F6-B42E-7F42E38C6E4F}.Debug|Any CPU.Build.0 = Debug|Any CPU
		{81427039-68A9-48F6-B42E-7F42E38C6E4F}.Debug|Any CPU.Deploy.0 = Debug|Any CPU
		{81427039-68A9-48F6-B42E-7F42E38C6E4F}.Debug|iPhone.ActiveCfg = Debug|Any CPU
		{81427039-68A9-48F6-B42E-7F42E38C6E4F}.Debug|iPhone.Build.0 = Debug|Any CPU
		{81427039-68A9-48F6-B42E-7F42E38C6E4F}.Debug|iPhone.Deploy.0 = Debug|Any CPU
		{81427039-68A9-48F6-B42E-7F42E38C6E4F}.Debug|iPhoneSimulator.ActiveCfg = Debug|Any CPU
		{81427039-68A9-48F6-B42E-7F42E38C6E4F}.Debug|iPhoneSimulator.Build.0 = Debug|Any CPU
		{81427039-68A9-48F6-B42E-7F42E38C6E4F}.Debug|iPhoneSimulator.Deploy.0 = Debug|Any CPU
		{81427039-68A9-48F6-B42E-7F42E38C6E4F}.Release|Any CPU.ActiveCfg = Release|Any CPU
		{81427039-68A9-48F6-B42E-7F42E38C6E4F}.Release|Any CPU.Build.0 = Release|Any CPU
		{81427039-68A9-48F6-B42E-7F42E38C6E4F}.Release|Any CPU.Deploy.0 = Release|Any CPU
		{81427039-68A9-48F6-B42E-7F42E38C6E4F}.Release|iPhone.ActiveCfg = Release|Any CPU
		{81427039-68A9-48F6-B42E-7F42E38C6E4F}.Release|iPhone.Build.0 = Release|Any CPU
		{81427039-68A9-48F6-B42E-7F42E38C6E4F}.Release|iPhone.Deploy.0 = Release|Any CPU
		{81427039-68A9-48F6-B42E-7F42E38C6E4F}.Release|iPhoneSimulator.ActiveCfg = Release|Any CPU
		{81427039-68A9-48F6-B42E-7F42E38C6E4F}.Release|iPhoneSimulator.Build.0 = Release|Any CPU
		{81427039-68A9-48F6-B42E-7F42E38C6E4F}.Release|iPhoneSimulator.Deploy.0 = Release|Any CPU
	EndGlobalSection
	GlobalSection(SolutionProperties) = preSolution
		HideSolutionNode = FALSE
	EndGlobalSection
	GlobalSection(ExtensibilityGlobals) = postSolution
		SolutionGuid = {FA85A2F1-06FC-4663-A151-55DA63F8DCF5}
	EndGlobalSection
EndGlobal
