
Microsoft Visual Studio Solution File, Format Version 12.00
# Visual Studio 15
VisualStudioVersion = 15.0.27428.2043
MinimumVisualStudioVersion = 10.0.40219.1
Project("{FAE04EC0-301F-11D3-BF4B-00C04F79EFBC}") = "Osoba.Core", "Osoba.Core\Osoba.Core.csproj", "{1AF092D3-90AF-4B69-ADE3-FF77EE19E35F}"
EndProject
Project("{FAE04EC0-301F-11D3-BF4B-00C04F79EFBC}") = "Osoba.Console", "Osoba.Console\Osoba.Console.csproj", "{FBCA6E68-762C-477D-9BA0-3F7C02D68585}"
EndProject
Project("{FAE04EC0-301F-11D3-BF4B-00C04F79EFBC}") = "Osoba.UnitTest", "Osoba.UnitTest\Osoba.UnitTest.csproj", "{684D354E-C99D-4787-9B9F-13BF3D123992}"
EndProject
Project("{FAE04EC0-301F-11D3-BF4B-00C04F79EFBC}") = "Osoba.Android", "Osoba.Android\Osoba.Android.csproj", "{2A8CDA2F-F073-4E75-B13D-4F8190C1EDD4}"
EndProject
Project("{FAE04EC0-301F-11D3-BF4B-00C04F79EFBC}") = "Osoba.iOS", "Osoba.iOS\Osoba.iOS.csproj", "{97203D20-D7D2-412D-A5BE-E8DA2B5E6581}"
EndProject
Global
	GlobalSection(SolutionConfigurationPlatforms) = preSolution
		Debug|Any CPU = Debug|Any CPU
		Debug|iPhone = Debug|iPhone
		Debug|iPhoneSimulator = Debug|iPhoneSimulator
		Release|Any CPU = Release|Any CPU
		Release|iPhone = Release|iPhone
		Release|iPhoneSimulator = Release|iPhoneSimulator
	EndGlobalSection
	GlobalSection(ProjectConfigurationPlatforms) = postSolution
		{1AF092D3-90AF-4B69-ADE3-FF77EE19E35F}.Debug|Any CPU.ActiveCfg = Debug|Any CPU
		{1AF092D3-90AF-4B69-ADE3-FF77EE19E35F}.Debug|Any CPU.Build.0 = Debug|Any CPU
		{1AF092D3-90AF-4B69-ADE3-FF77EE19E35F}.Debug|iPhone.ActiveCfg = Debug|Any CPU
		{1AF092D3-90AF-4B69-ADE3-FF77EE19E35F}.Debug|iPhone.Build.0 = Debug|Any CPU
		{1AF092D3-90AF-4B69-ADE3-FF77EE19E35F}.Debug|iPhoneSimulator.ActiveCfg = Debug|Any CPU
		{1AF092D3-90AF-4B69-ADE3-FF77EE19E35F}.Debug|iPhoneSimulator.Build.0 = Debug|Any CPU
		{1AF092D3-90AF-4B69-ADE3-FF77EE19E35F}.Release|Any CPU.ActiveCfg = Release|Any CPU
		{1AF092D3-90AF-4B69-ADE3-FF77EE19E35F}.Release|Any CPU.Build.0 = Release|Any CPU
		{1AF092D3-90AF-4B69-ADE3-FF77EE19E35F}.Release|iPhone.ActiveCfg = Release|Any CPU
		{1AF092D3-90AF-4B69-ADE3-FF77EE19E35F}.Release|iPhone.Build.0 = Release|Any CPU
		{1AF092D3-90AF-4B69-ADE3-FF77EE19E35F}.Release|iPhoneSimulator.ActiveCfg = Release|Any CPU
		{1AF092D3-90AF-4B69-ADE3-FF77EE19E35F}.Release|iPhoneSimulator.Build.0 = Release|Any CPU
		{FBCA6E68-762C-477D-9BA0-3F7C02D68585}.Debug|Any CPU.ActiveCfg = Debug|Any CPU
		{FBCA6E68-762C-477D-9BA0-3F7C02D68585}.Debug|Any CPU.Build.0 = Debug|Any CPU
		{FBCA6E68-762C-477D-9BA0-3F7C02D68585}.Debug|iPhone.ActiveCfg = Debug|Any CPU
		{FBCA6E68-762C-477D-9BA0-3F7C02D68585}.Debug|iPhone.Build.0 = Debug|Any CPU
		{FBCA6E68-762C-477D-9BA0-3F7C02D68585}.Debug|iPhoneSimulator.ActiveCfg = Debug|Any CPU
		{FBCA6E68-762C-477D-9BA0-3F7C02D68585}.Debug|iPhoneSimulator.Build.0 = Debug|Any CPU
		{FBCA6E68-762C-477D-9BA0-3F7C02D68585}.Release|Any CPU.ActiveCfg = Release|Any CPU
		{FBCA6E68-762C-477D-9BA0-3F7C02D68585}.Release|Any CPU.Build.0 = Release|Any CPU
		{FBCA6E68-762C-477D-9BA0-3F7C02D68585}.Release|iPhone.ActiveCfg = Release|Any CPU
		{FBCA6E68-762C-477D-9BA0-3F7C02D68585}.Release|iPhone.Build.0 = Release|Any CPU
		{FBCA6E68-762C-477D-9BA0-3F7C02D68585}.Release|iPhoneSimulator.ActiveCfg = Release|Any CPU
		{FBCA6E68-762C-477D-9BA0-3F7C02D68585}.Release|iPhoneSimulator.Build.0 = Release|Any CPU
		{684D354E-C99D-4787-9B9F-13BF3D123992}.Debug|Any CPU.ActiveCfg = Debug|Any CPU
		{684D354E-C99D-4787-9B9F-13BF3D123992}.Debug|Any CPU.Build.0 = Debug|Any CPU
		{684D354E-C99D-4787-9B9F-13BF3D123992}.Debug|iPhone.ActiveCfg = Debug|Any CPU
		{684D354E-C99D-4787-9B9F-13BF3D123992}.Debug|iPhone.Build.0 = Debug|Any CPU
		{684D354E-C99D-4787-9B9F-13BF3D123992}.Debug|iPhoneSimulator.ActiveCfg = Debug|Any CPU
		{684D354E-C99D-4787-9B9F-13BF3D123992}.Debug|iPhoneSimulator.Build.0 = Debug|Any CPU
		{684D354E-C99D-4787-9B9F-13BF3D123992}.Release|Any CPU.ActiveCfg = Release|Any CPU
		{684D354E-C99D-4787-9B9F-13BF3D123992}.Release|Any CPU.Build.0 = Release|Any CPU
		{684D354E-C99D-4787-9B9F-13BF3D123992}.Release|iPhone.ActiveCfg = Release|Any CPU
		{684D354E-C99D-4787-9B9F-13BF3D123992}.Release|iPhone.Build.0 = Release|Any CPU
		{684D354E-C99D-4787-9B9F-13BF3D123992}.Release|iPhoneSimulator.ActiveCfg = Release|Any CPU
		{684D354E-C99D-4787-9B9F-13BF3D123992}.Release|iPhoneSimulator.Build.0 = Release|Any CPU
		{2A8CDA2F-F073-4E75-B13D-4F8190C1EDD4}.Debug|Any CPU.ActiveCfg = Debug|Any CPU
		{2A8CDA2F-F073-4E75-B13D-4F8190C1EDD4}.Debug|Any CPU.Build.0 = Debug|Any CPU
		{2A8CDA2F-F073-4E75-B13D-4F8190C1EDD4}.Debug|Any CPU.Deploy.0 = Debug|Any CPU
		{2A8CDA2F-F073-4E75-B13D-4F8190C1EDD4}.Debug|iPhone.ActiveCfg = Debug|Any CPU
		{2A8CDA2F-F073-4E75-B13D-4F8190C1EDD4}.Debug|iPhone.Build.0 = Debug|Any CPU
		{2A8CDA2F-F073-4E75-B13D-4F8190C1EDD4}.Debug|iPhone.Deploy.0 = Debug|Any CPU
		{2A8CDA2F-F073-4E75-B13D-4F8190C1EDD4}.Debug|iPhoneSimulator.ActiveCfg = Debug|Any CPU
		{2A8CDA2F-F073-4E75-B13D-4F8190C1EDD4}.Debug|iPhoneSimulator.Build.0 = Debug|Any CPU
		{2A8CDA2F-F073-4E75-B13D-4F8190C1EDD4}.Debug|iPhoneSimulator.Deploy.0 = Debug|Any CPU
		{2A8CDA2F-F073-4E75-B13D-4F8190C1EDD4}.Release|Any CPU.ActiveCfg = Release|Any CPU
		{2A8CDA2F-F073-4E75-B13D-4F8190C1EDD4}.Release|Any CPU.Build.0 = Release|Any CPU
		{2A8CDA2F-F073-4E75-B13D-4F8190C1EDD4}.Release|Any CPU.Deploy.0 = Release|Any CPU
		{2A8CDA2F-F073-4E75-B13D-4F8190C1EDD4}.Release|iPhone.ActiveCfg = Release|Any CPU
		{2A8CDA2F-F073-4E75-B13D-4F8190C1EDD4}.Release|iPhone.Build.0 = Release|Any CPU
		{2A8CDA2F-F073-4E75-B13D-4F8190C1EDD4}.Release|iPhone.Deploy.0 = Release|Any CPU
		{2A8CDA2F-F073-4E75-B13D-4F8190C1EDD4}.Release|iPhoneSimulator.ActiveCfg = Release|Any CPU
		{2A8CDA2F-F073-4E75-B13D-4F8190C1EDD4}.Release|iPhoneSimulator.Build.0 = Release|Any CPU
		{2A8CDA2F-F073-4E75-B13D-4F8190C1EDD4}.Release|iPhoneSimulator.Deploy.0 = Release|Any CPU
		{97203D20-D7D2-412D-A5BE-E8DA2B5E6581}.Debug|Any CPU.ActiveCfg = Debug|iPhone
		{97203D20-D7D2-412D-A5BE-E8DA2B5E6581}.Debug|iPhone.ActiveCfg = Debug|iPhone
		{97203D20-D7D2-412D-A5BE-E8DA2B5E6581}.Debug|iPhone.Build.0 = Debug|iPhone
		{97203D20-D7D2-412D-A5BE-E8DA2B5E6581}.Debug|iPhoneSimulator.ActiveCfg = Debug|iPhoneSimulator
		{97203D20-D7D2-412D-A5BE-E8DA2B5E6581}.Debug|iPhoneSimulator.Build.0 = Debug|iPhoneSimulator
		{97203D20-D7D2-412D-A5BE-E8DA2B5E6581}.Release|Any CPU.ActiveCfg = Release|iPhone
		{97203D20-D7D2-412D-A5BE-E8DA2B5E6581}.Release|iPhone.ActiveCfg = Release|iPhone
		{97203D20-D7D2-412D-A5BE-E8DA2B5E6581}.Release|iPhone.Build.0 = Release|iPhone
		{97203D20-D7D2-412D-A5BE-E8DA2B5E6581}.Release|iPhoneSimulator.ActiveCfg = Release|iPhoneSimulator
		{97203D20-D7D2-412D-A5BE-E8DA2B5E6581}.Release|iPhoneSimulator.Build.0 = Release|iPhoneSimulator
	EndGlobalSection
	GlobalSection(SolutionProperties) = preSolution
		HideSolutionNode = FALSE
	EndGlobalSection
	GlobalSection(ExtensibilityGlobals) = postSolution
		SolutionGuid = {BA02BC6D-44B1-4806-B823-D0DF4533CFB0}
	EndGlobalSection
EndGlobal
